# DO NOT EDIT MANUALLY - Managed by Fern Replay
version: "1.0"
generations:
  - commit_sha: 426d8d56573e818d2588b424d7dcbf35876068b1
    tree_hash: f34dc883116276846026da384cc95a5ecd226a30
    timestamp: 2026-09-11T22:50:27.869Z
    cli_version: unknown
    generator_versions: {}
current_generation: 426d8d56573e818d2588b424d7dcbf35876068b1
patches: []
